
Microsoft Visual Studio Solution File, Format Version 12.00
# Visual Studio Version 17
VisualStudioVersion = 17.3.32922.545
MinimumVisualStudioVersion = 10.0.40219.1
Project("{8BC9CEB8-8B4A-11D0-8D11-00A0C91BC942}") = "HomeworkLesson8", "HomeworkLesson8\HomeworkLesson8.vcxproj", "{99EE75CC-F0CA-47C6-8D60-A6C4D4BD7AB7}"
EndProject
Global
	GlobalSection(SolutionConfigurationPlatforms) = preSolution
		Debug|x64 = Debug|x64
		Debug|x86 = Debug|x86
		Release|x64 = Release|x64
		Release|x86 = Release|x86
	EndGlobalSection
	GlobalSection(ProjectConfigurationPlatforms) = postSolution
		{99EE75CC-F0CA-47C6-8D60-A6C4D4BD7AB7}.Debug|x64.ActiveCfg = Debug|x64
		{99EE75CC-F0CA-47C6-8D60-A6C4D4BD7AB7}.Debug|x64.Build.0 = Debug|x64
		{99EE75CC-F0CA-47C6-8D60-A6C4D4BD7AB7}.Debug|x86.ActiveCfg = Debug|Win32
		{99EE75CC-F0CA-47C6-8D60-A6C4D4BD7AB7}.Debug|x86.Build.0 = Debug|Win32
		{99EE75CC-F0CA-47C6-8D60-A6C4D4BD7AB7}.Release|x64.ActiveCfg = Release|x64
		{99EE75CC-F0CA-47C6-8D60-A6C4D4BD7AB7}.Release|x64.Build.0 = Release|x64
		{99EE75CC-F0CA-47C6-8D60-A6C4D4BD7AB7}.Release|x86.ActiveCfg = Release|Win32
		{99EE75CC-F0CA-47C6-8D60-A6C4D4BD7AB7}.Release|x86.Build.0 = Release|Win32
	EndGlobalSection
	GlobalSection(SolutionProperties) = preSolution
		HideSolutionNode = FALSE
	EndGlobalSection
	GlobalSection(ExtensibilityGlobals) = postSolution
		SolutionGuid = {B207412D-643D-4DDC-B909-DEE519F8600B}
	EndGlobalSection
EndGlobal
